<?xml version="1.0" encoding="UTF-8" standalone="yes" ?>
<CodeBlocks_project_file>
	<FileVersion major="1" minor="6" />
	<Project>
		<Option title="Generala" />
		<Option pch_mode="2" />
		<Option compiler="gcc" />
		<Build>
			<Target title="Debug">
				<Option output="bin/Debug/Generala" prefix_auto="1" extension_auto="1" />
				<Option object_output="obj/Debug/" />
				<Option type="1" />
				<Option compiler="gcc" />
				<Compiler>
					<Add option="-g" />
				</Compiler>
			</Target>
			<Target title="Release">
				<Option output="bin/Release/Generala" prefix_auto="1" extension_auto="1" />
				<Option object_output="obj/Release/" />
				<Option type="1" />
				<Option compiler="gcc" />
				<Compiler>
					<Add option="-O2" />
				</Compiler>
				<Linker>
					<Add option="-s" />
				</Linker>
			</Target>
		</Build>
		<Compiler>
			<Add option="-Wall" />
			<Add option="-fexceptions" />
		</Compiler>
		<Unit filename="Dados.cpp" />
		<Unit filename="Dados.h" />
		<Unit filename="Funciones.cpp" />
		<Unit filename="Generala.cbp" />
		<Unit filename="Generala.depend" />
		<Unit filename="Generala.layout" />
		<Unit filename="Menu.cpp" />
		<Unit filename="Menu.h" />
		<Unit filename="MenuDosJugador.h" />
		<Unit filename="MenuDosJugadores.cpp" />
		<Unit filename="MenuUnJugador.cpp" />
		<Unit filename="MenuUnJugador.h" />
		<Unit filename="Reglas.cpp" />
		<Unit filename="Reglas.h" />
		<Unit filename="funciones.h" />
		<Unit filename="main.cpp" />
		<Unit filename="rlutil.h" />
		<Extensions />
	</Project>
</CodeBlocks_project_file>
